// !$*UTF8*$!
{
	archiveVersion = 1;
	classes = {
	};
	objectVersion = 46;
	objects = {

/* Begin PBXBuildFile section */
		4BB4DC9F18616CAB003EDF01 /* Foundation.framework in Frameworks */ = {isa = PBXBuildFile; fileRef = 4BB4DC9E18616CAB003EDF01 /* Foundation.framework */; };
		4BB4DCA118616CAB003EDF01 /* CoreGraphics.framework in Frameworks */ = {isa = PBXBuildFile; fileRef = 4BB4DCA018616CAB003EDF01 /* CoreGraphics.framework */; };
		4BB4DCA318616CAB003EDF01 /* UIKit.framework in Frameworks */ = {isa = PBXBuildFile; fileRef = 4BB4DCA218616CAB003EDF01 /* UIKit.framework */; };
		4BB4DCA918616CAB003EDF01 /* InfoPlist.strings in Resources */ = {isa = PBXBuildFile; fileRef = 4BB4DCA718616CAB003EDF01 /* InfoPlist.strings */; };
		4BB4DCAB18616CAB003EDF01 /* main.m in Sources */ = {isa = PBXBuildFile; fileRef = 4BB4DCAA18616CAB003EDF01 /* main.m */; };
		4BB4DCAF18616CAB003EDF01 /* demoAppDelegate.m in Sources */ = {isa = PBXBuildFile; fileRef = 4BB4DCAE18616CAB003EDF01 /* demoAppDelegate.m */; };
		4BB4DCB218616CAB003EDF01 /* Main.storyboard in Resources */ = {isa = PBXBuildFile; fileRef = 4BB4DCB018616CAB003EDF01 /* Main.storyboard */; };
		4BB4DCB518616CAB003EDF01 /* demoViewController.m in Sources */ = {isa = PBXBuildFile; fileRef = 4BB4DCB418616CAB003EDF01 /* demoViewController.m */; };
		4BB4DCB718616CAB003EDF01 /* Images.xcassets in Resources */ = {isa = PBXBuildFile; fileRef = 4BB4DCB618616CAB003EDF01 /* Images.xcassets */; };
		4BB4DCBE18616CAB003EDF01 /* XCTest.framework in Frameworks */ = {isa = PBXBuildFile; fileRef = 4BB4DCBD18616CAB003EDF01 /* XCTest.framework */; };
		4BB4DCBF18616CAB003EDF01 /* Foundation.framework in Frameworks */ = {isa = PBXBuildFile; fileRef = 4BB4DC9E18616CAB003EDF01 /* Foundation.framework */; };
		4BB4DCC018616CAB003EDF01 /* UIKit.framework in Frameworks */ = {isa = PBXBuildFile; fileRef = 4BB4DCA218616CAB003EDF01 /* UIKit.framework */; };
		4BB4DCC818616CAB003EDF01 /* InfoPlist.strings in Resources */ = {isa = PBXBuildFile; fileRef = 4BB4DCC618616CAB003EDF01 /* InfoPlist.strings */; };
		4BB4DCCA18616CAB003EDF01 /* testapp1Tests.m in Sources */ = {isa = PBXBuildFile; fileRef = 4BB4DCC918616CAB003EDF01 /* testapp1Tests.m */; };
/* End PBXBuildFile section */

/* Begin PBXContainerItemProxy section */
		4BB4DCC118616CAB003EDF01 /* PBXContainerItemProxy */ = {
			isa = PBXContainerItemProxy;
			containerPortal = 4BB4DC9318616CAB003EDF01 /* Project object */;
			proxyType = 1;
			remoteGlobalIDString = 4BB4DC9A18616CAB003EDF01;
			remoteInfo = testapp1;
		};
/* End PBXContainerItemProxy section */

/* Begin PBXFileReference section */
		4BB4DC9B18616CAB003EDF01 /* testapp1.app */ = {isa = PBXFileReference; explicitFileType = wrapper.application; includeInIndex = 0; path = testapp1.app; sourceTree = BUILT_PRODUCTS_DIR; };
		4BB4DC9E18616CAB003EDF01 /* Foundation.framework */ = {isa = PBXFileReference; lastKnownFileType = wrapper.framework; name = Foundation.framework; path = System/Library/Frameworks/Foundation.framework; sourceTree = SDKROOT; };
		4BB4DCA018616CAB003EDF01 /* CoreGraphics.framework */ = {isa = PBXFileReference; lastKnownFileType = wrapper.framework; name = CoreGraphics.framework; path = System/Library/Frameworks/CoreGraphics.framework; sourceTree = SDKROOT; };
		4BB4DCA218616CAB003EDF01 /* UIKit.framework */ = {isa = PBXFileReference; lastKnownFileType = wrapper.framework; name = UIKit.framework; path = System/Library/Frameworks/UIKit.framework; sourceTree = SDKROOT; };
		4BB4DCA618616CAB003EDF01 /* testapp1-Info.plist */ = {isa = PBXFileReference; lastKnownFileType = text.plist.xml; path = "testapp1-Info.plist"; sourceTree = "<group>"; };
		4BB4DCA818616CAB003EDF01 /* en */ = {isa = PBXFileReference; lastKnownFileType = text.plist.strings; name = en; path = en.lproj/InfoPlist.strings; sourceTree = "<group>"; };
		4BB4DCAA18616CAB003EDF01 /* main.m */ = {isa = PBXFileReference; lastKnownFileType = sourcecode.c.objc; path = main.m; sourceTree = "<group>"; };
		4BB4DCAC18616CAB003EDF01 /* testapp1-Prefix.pch */ = {isa = PBXFileReference; lastKnownFileType = sourcecode.c.h; path = "testapp1-Prefix.pch"; sourceTree = "<group>"; };
		4BB4DCAD18616CAB003EDF01 /* demoAppDelegate.h */ = {isa = PBXFileReference; lastKnownFileType = sourcecode.c.h; path = demoAppDelegate.h; sourceTree = "<group>"; };
		4BB4DCAE18616CAB003EDF01 /* demoAppDelegate.m */ = {isa = PBXFileReference; lastKnownFileType = sourcecode.c.objc; path = demoAppDelegate.m; sourceTree = "<group>"; };
		4BB4DCB118616CAB003EDF01 /* Base */ = {isa = PBXFileReference; lastKnownFileType = file.storyboard; name = Base; path = Base.lproj/Main.storyboard; sourceTree = "<group>"; };
		4BB4DCB318616CAB003EDF01 /* demoViewController.h */ = {isa = PBXFileReference; lastKnownFileType = sourcecode.c.h; path = demoViewController.h; sourceTree = "<group>"; };
		4BB4DCB418616CAB003EDF01 /* demoViewController.m */ = {isa = PBXFileReference; lastKnownFileType = sourcecode.c.objc; path = demoViewController.m; sourceTree = "<group>"; };
		4BB4DCB618616CAB003EDF01 /* Images.xcassets */ = {isa = PBXFileReference; lastKnownFileType = folder.assetcatalog; path = Images.xcassets; sourceTree = "<group>"; };
		4BB4DCBC18616CAB003EDF01 /* testapp1Tests.xctest */ = {isa = PBXFileReference; explicitFileType = wrapper.cfbundle; includeInIndex = 0; path = testapp1Tests.xctest; sourceTree = BUILT_PRODUCTS_DIR; };
		4BB4DCBD18616CAB003EDF01 /* XCTest.framework */ = {isa = PBXFileReference; lastKnownFileType = wrapper.framework; name = XCTest.framework; path = Library/Frameworks/XCTest.framework; sourceTree = DEVELOPER_DIR; };
		4BB4DCC518616CAB003EDF01 /* testapp1Tests-Info.plist */ = {isa = PBXFileReference; lastKnownFileType = text.plist.xml; path = "testapp1Tests-Info.plist"; sourceTree = "<group>"; };
		4BB4DCC718616CAB003EDF01 /* en */ = {isa = PBXFileReference; lastKnownFileType = text.plist.strings; name = en; path = en.lproj/InfoPlist.strings; sourceTree = "<group>"; };
		4BB4DCC918616CAB003EDF01 /* testapp1Tests.m */ = {isa = PBXFileReference; lastKnownFileType = sourcecode.c.objc; path = testapp1Tests.m; sourceTree = "<group>"; };
/* End PBXFileReference section */

/* Begin PBXFrameworksBuildPhase section */
		4BB4DC9818616CAB003EDF01 /* Frameworks */ = {
			isa = PBXFrameworksBuildPhase;
			buildActionMask = 2147483647;
			files = (
				4BB4DCA118616CAB003EDF01 /* CoreGraphics.framework in Frameworks */,
				4BB4DCA318616CAB003EDF01 /* UIKit.framework in Frameworks */,
				4BB4DC9F18616CAB003EDF01 /* Foundation.framework in Frameworks */,
			);
			runOnlyForDeploymentPostprocessing = 0;
		};
		4BB4DCB918616CAB003EDF01 /* Frameworks */ = {
			isa = PBXFrameworksBuildPhase;
			buildActionMask = 2147483647;
			files = (
				4BB4DCBE18616CAB003EDF01 /* XCTest.framework in Frameworks */,
				4BB4DCC018616CAB003EDF01 /* UIKit.framework in Frameworks */,
				4BB4DCBF18616CAB003EDF01 /* Foundation.framework in Frameworks */,
			);
			runOnlyForDeploymentPostprocessing = 0;
		};
/* End PBXFrameworksBuildPhase section */

/* Begin PBXGroup section */
		4BB4DC9218616CAB003EDF01 = {
			isa = PBXGroup;
			children = (
				4BB4DCA418616CAB003EDF01 /* testapp1 */,
				4BB4DCC318616CAB003EDF01 /* testapp1Tests */,
				4BB4DC9D18616CAB003EDF01 /* Frameworks */,
				4BB4DC9C18616CAB003EDF01 /* Products */,
			);
			sourceTree = "<group>";
		};
		4BB4DC9C18616CAB003EDF01 /* Products */ = {
			isa = PBXGroup;
			children = (
				4BB4DC9B18616CAB003EDF01 /* testapp1.app */,
				4BB4DCBC18616CAB003EDF01 /* testapp1Tests.xctest */,
			);
			name = Products;
			sourceTree = "<group>";
		};
		4BB4DC9D18616CAB003EDF01 /* Frameworks */ = {
			isa = PBXGroup;
			children = (
				4BB4DC9E18616CAB003EDF01 /* Foundation.framework */,
				4BB4DCA018616CAB003EDF01 /* CoreGraphics.framework */,
				4BB4DCA218616CAB003EDF01 /* UIKit.framework */,
				4BB4DCBD18616CAB003EDF01 /* XCTest.framework */,
			);
			name = Frameworks;
			sourceTree = "<group>";
		};
		4BB4DCA418616CAB003EDF01 /* testapp1 */ = {
			isa = PBXGroup;
			children = (
				4BB4DCAD18616CAB003EDF01 /* demoAppDelegate.h */,
				4BB4DCAE18616CAB003EDF01 /* demoAppDelegate.m */,
				4BB4DCB018616CAB003EDF01 /* Main.storyboard */,
				4BB4DCB318616CAB003EDF01 /* demoViewController.h */,
				4BB4DCB418616CAB003EDF01 /* demoViewController.m */,
				4BB4DCB618616CAB003EDF01 /* Images.xcassets */,
				4BB4DCA518616CAB003EDF01 /* Supporting Files */,
			);
			path = testapp1;
			sourceTree = "<group>";
		};
		4BB4DCA518616CAB003EDF01 /* Supporting Files */ = {
			isa = PBXGroup;
			children = (
				4BB4DCA618616CAB003EDF01 /* testapp1-Info.plist */,
				4BB4DCA718616CAB003EDF01 /* InfoPlist.strings */,
				4BB4DCAA18616CAB003EDF01 /* main.m */,
				4BB4DCAC18616CAB003EDF01 /* testapp1-Prefix.pch */,
			);
			name = "Supporting Files";
			sourceTree = "<group>";
		};
		4BB4DCC318616CAB003EDF01 /* testapp1Tests */ = {
			isa = PBXGroup;
			children = (
				4BB4DCC918616CAB003EDF01 /* testapp1Tests.m */,
				4BB4DCC418616CAB003EDF01 /* Supporting Files */,
			);
			path = testapp1Tests;
			sourceTree = "<group>";
		};
		4BB4DCC418616CAB003EDF01 /* Supporting Files */ = {
			isa = PBXGroup;
			children = (
				4BB4DCC518616CAB003EDF01 /* testapp1Tests-Info.plist */,
				4BB4DCC618616CAB003EDF01 /* InfoPlist.strings */,
			);
			name = "Supporting Files";
			sourceTree = "<group>";
		};
/* End PBXGroup section */

/* Begin PBXNativeTarget section */
		4BB4DC9A18616CAB003EDF01 /* testapp1 */ = {
			isa = PBXNativeTarget;
			buildConfigurationList = 4BB4DCCD18616CAB003EDF01 /* Build configuration list for PBXNativeTarget "testapp1" */;
			buildPhases = (
				4BB4DC9718616CAB003EDF01 /* Sources */,
				4BB4DC9818616CAB003EDF01 /* Frameworks */,
				4BB4DC9918616CAB003EDF01 /* Resources */,
			);
			buildRules = (
			);
			dependencies = (
			);
			name = testapp1;
			productName = testapp1;
			productReference = 4BB4DC9B18616CAB003EDF01 /* testapp1.app */;
			productType = "com.apple.product-type.application";
		};
		4BB4DCBB18616CAB003EDF01 /* testapp1Tests */ = {
			isa = PBXNativeTarget;
			buildConfigurationList = 4BB4DCD018616CAB003EDF01 /* Build configuration list for PBXNativeTarget "testapp1Tests" */;
			buildPhases = (
				4BB4DCB818616CAB003EDF01 /* Sources */,
				4BB4DCB918616CAB003EDF01 /* Frameworks */,
				4BB4DCBA18616CAB003EDF01 /* Resources */,
			);
			buildRules = (
			);
			dependencies = (
				4BB4DCC218616CAB003EDF01 /* PBXTargetDependency */,
			);
			name = testapp1Tests;
			productName = testapp1Tests;
			productReference = 4BB4DCBC18616CAB003EDF01 /* testapp1Tests.xctest */;
			productType = "com.apple.product-type.bundle.unit-test";
		};
/* End PBXNativeTarget section */

/* Begin PBXProject section */
		4BB4DC9318616CAB003EDF01 /* Project object */ = {
			isa = PBXProject;
			attributes = {
				CLASSPREFIX = demo;
				LastUpgradeCheck = 0500;
				ORGANIZATIONNAME = stevenwoo;
				TargetAttributes = {
					4BB4DCBB18616CAB003EDF01 = {
						TestTargetID = 4BB4DC9A18616CAB003EDF01;
					};
				};
			};
			buildConfigurationList = 4BB4DC9618616CAB003EDF01 /* Build configuration list for PBXProject "testapp1" */;
			compatibilityVersion = "Xcode 3.2";
			developmentRegion = English;
			hasScannedForEncodings = 0;
			knownRegions = (
				en,
				Base,
			);
			mainGroup = 4BB4DC9218616CAB003EDF01;
			productRefGroup = 4BB4DC9C18616CAB003EDF01 /* Products */;
			projectDirPath = "";
			projectRoot = "";
			targets = (
				4BB4DC9A18616CAB003EDF01 /* testapp1 */,
				4BB4DCBB18616CAB003EDF01 /* testapp1Tests */,
			);
		};
/* End PBXProject section */

/* Begin PBXResourcesBuildPhase section */
		4BB4DC9918616CAB003EDF01 /* Resources */ = {
			isa = PBXResourcesBuildPhase;
			buildActionMask = 2147483647;
			files = (
				4BB4DCB718616CAB003EDF01 /* Images.xcassets in Resources */,
				4BB4DCA918616CAB003EDF01 /* InfoPlist.strings in Resources */,
				4BB4DCB218616CAB003EDF01 /* Main.storyboard in Resources */,
			);
			runOnlyForDeploymentPostprocessing = 0;
		};
		4BB4DCBA18616CAB003EDF01 /* Resources */ = {
			isa = PBXResourcesBuildPhase;
			buildActionMask = 2147483647;
			files = (
				4BB4DCC818616CAB003EDF01 /* InfoPlist.strings in Resources */,
			);
			runOnlyForDeploymentPostprocessing = 0;
		};
/* End PBXResourcesBuildPhase section */

/* Begin PBXSourcesBuildPhase section */
		4BB4DC9718616CAB003EDF01 /* Sources */ = {
			isa = PBXSourcesBuildPhase;
			buildActionMask = 2147483647;
			files = (
				4BB4DCAB18616CAB003EDF01 /* main.m in Sources */,
				4BB4DCAF18616CAB003EDF01 /* demoAppDelegate.m in Sources */,
				4BB4DCB518616CAB003EDF01 /* demoViewController.m in Sources */,
			);
			runOnlyForDeploymentPostprocessing = 0;
		};
		4BB4DCB818616CAB003EDF01 /* Sources */ = {
			isa = PBXSourcesBuildPhase;
			buildActionMask = 2147483647;
			files = (
				4BB4DCCA18616CAB003EDF01 /* testapp1Tests.m in Sources */,
			);
			runOnlyForDeploymentPostprocessing = 0;
		};
/* End PBXSourcesBuildPhase section */

/* Begin PBXTargetDependency section */
		4BB4DCC218616CAB003EDF01 /* PBXTargetDependency */ = {
			isa = PBXTargetDependency;
			target = 4BB4DC9A18616CAB003EDF01 /* testapp1 */;
			targetProxy = 4BB4DCC118616CAB003EDF01 /* PBXContainerItemProxy */;
		};
/* End PBXTargetDependency section */

/* Begin PBXVariantGroup section */
		4BB4DCA718616CAB003EDF01 /* InfoPlist.strings */ = {
			isa = PBXVariantGroup;
			children = (
				4BB4DCA818616CAB003EDF01 /* en */,
			);
			name = InfoPlist.strings;
			sourceTree = "<group>";
		};
		4BB4DCB018616CAB003EDF01 /* Main.storyboard */ = {
			isa = PBXVariantGroup;
			children = (
				4BB4DCB118616CAB003EDF01 /* Base */,
			);
			name = Main.storyboard;
			sourceTree = "<group>";
		};
		4BB4DCC618616CAB003EDF01 /* InfoPlist.strings */ = {
			isa = PBXVariantGroup;
			children = (
				4BB4DCC718616CAB003EDF01 /* en */,
			);
			name = InfoPlist.strings;
			sourceTree = "<group>";
		};
/* End PBXVariantGroup section */

/* Begin XCBuildConfiguration section */
		4BB4DCCB18616CAB003EDF01 /* Debug */ = {
			isa = XCBuildConfiguration;
			buildSettings = {
				ALWAYS_SEARCH_USER_PATHS = NO;
				ARCHS = "$(ARCHS_STANDARD_INCLUDING_64_BIT)";
				CLANG_CXX_LANGUAGE_STANDARD = "gnu++0x";
				CLANG_CXX_LIBRARY = "libc++";
				CLANG_ENABLE_MODULES = YES;
				CLANG_ENABLE_OBJC_ARC = YES;
				CLANG_WARN_BOOL_CONVERSION = YES;
				CLANG_WARN_CONSTANT_CONVERSION = YES;
				CLANG_WARN_DIRECT_OBJC_ISA_USAGE = YES_ERROR;
				CLANG_WARN_EMPTY_BODY = YES;
				CLANG_WARN_ENUM_CONVERSION = YES;
				CLANG_WARN_INT_CONVERSION = YES;
				CLANG_WARN_OBJC_ROOT_CLASS = YES_ERROR;
				CLANG_WARN__DUPLICATE_METHOD_MATCH = YES;
				"CODE_SIGN_IDENTITY[sdk=iphoneos*]" = "iPhone Developer";
				COPY_PHASE_STRIP = NO;
				GCC_C_LANGUAGE_STANDARD = gnu99;
				GCC_DYNAMIC_NO_PIC = NO;
				GCC_OPTIMIZATION_LEVEL = 0;
				GCC_PREPROCESSOR_DEFINITIONS = (
					"DEBUG=1",
					"$(inherited)",
				);
				GCC_SYMBOLS_PRIVATE_EXTERN = NO;
				GCC_WARN_64_TO_32_BIT_CONVERSION = YES;
				GCC_WARN_ABOUT_RETURN_TYPE = YES_ERROR;
				GCC_WARN_UNDECLARED_SELECTOR = YES;
				GCC_WARN_UNINITIALIZED_AUTOS = YES;
				GCC_WARN_UNUSED_FUNCTION = YES;
				GCC_WARN_UNUSED_VARIABLE = YES;
				IPHONEOS_DEPLOYMENT_TARGET = 7.0;
				ONLY_ACTIVE_ARCH = YES;
				SDKROOT = iphoneos;
			};
			name = Debug;
		};
		4BB4DCCC18616CAB003EDF01 /* Release */ = {
			isa = XCBuildConfiguration;
			buildSettings = {
				ALWAYS_SEARCH_USER_PATHS = NO;
				ARCHS = "$(ARCHS_STANDARD_INCLUDING_64_BIT)";
				CLANG_CXX_LANGUAGE_STANDARD = "gnu++0x";
				CLANG_CXX_LIBRARY = "libc++";
				CLANG_ENABLE_MODULES = YES;
				CLANG_ENABLE_OBJC_ARC = YES;
				CLANG_WARN_BOOL_CONVERSION = YES;
				CLANG_WARN_CONSTANT_CONVERSION = YES;
				CLANG_WARN_DIRECT_OBJC_ISA_USAGE = YES_ERROR;
				CLANG_WARN_EMPTY_BODY = YES;
				CLANG_WARN_ENUM_CONVERSION = YES;
				CLANG_WARN_INT_CONVERSION = YES;
				CLANG_WARN_OBJC_ROOT_CLASS = YES_ERROR;
				CLANG_WARN__DUPLICATE_METHOD_MATCH = YES;
				"CODE_SIGN_IDENTITY[sdk=iphoneos*]" = "iPhone Developer";
				COPY_PHASE_STRIP = YES;
				ENABLE_NS_ASSERTIONS = NO;
				GCC_C_LANGUAGE_STANDARD = gnu99;
				GCC_WARN_64_TO_32_BIT_CONVERSION = YES;
				GCC_WARN_ABOUT_RETURN_TYPE = YES_ERROR;
				GCC_WARN_UNDECLARED_SELECTOR = YES;
				GCC_WARN_UNINITIALIZED_AUTOS = YES;
				GCC_WARN_UNUSED_FUNCTION = YES;
				GCC_WARN_UNUSED_VARIABLE = YES;
				IPHONEOS_DEPLOYMENT_TARGET = 7.0;
				SDKROOT = iphoneos;
				VALIDATE_PRODUCT = YES;
			};
			name = Release;
		};
		4BB4DCCE18616CAB003EDF01 /* Debug */ = {
			isa = XCBuildConfiguration;
			buildSettings = {
				ASSETCATALOG_COMPILER_APPICON_NAME = AppIcon;
				ASSETCATALOG_COMPILER_LAUNCHIMAGE_NAME = LaunchImage;
				GCC_PRECOMPILE_PREFIX_HEADER = YES;
				GCC_PREFIX_HEADER = "testapp1/testapp1-Prefix.pch";
				INFOPLIST_FILE = "testapp1/testapp1-Info.plist";
				PRODUCT_NAME = "$(TARGET_NAME)";
				WRAPPER_EXTENSION = app;
			};
			name = Debug;
		};
		4BB4DCCF18616CAB003EDF01 /* Release */ = {
			isa = XCBuildConfiguration;
			buildSettings = {
				ASSETCATALOG_COMPILER_APPICON_NAME = AppIcon;
				ASSETCATALOG_COMPILER_LAUNCHIMAGE_NAME = LaunchImage;
				GCC_PRECOMPILE_PREFIX_HEADER = YES;
				GCC_PREFIX_HEADER = "testapp1/testapp1-Prefix.pch";
				INFOPLIST_FILE = "testapp1/testapp1-Info.plist";
				PRODUCT_NAME = "$(TARGET_NAME)";
				WRAPPER_EXTENSION = app;
			};
			name = Release;
		};
		4BB4DCD118616CAB003EDF01 /* Debug */ = {
			isa = XCBuildConfiguration;
			buildSettings = {
				ARCHS = "$(ARCHS_STANDARD_INCLUDING_64_BIT)";
				BUNDLE_LOADER = "$(BUILT_PRODUCTS_DIR)/testapp1.app/testapp1";
				FRAMEWORK_SEARCH_PATHS = (
					"$(SDKROOT)/Developer/Library/Frameworks",
					"$(inherited)",
					"$(DEVELOPER_FRAMEWORKS_DIR)",
				);
				GCC_PRECOMPILE_PREFIX_HEADER = YES;
				GCC_PREFIX_HEADER = "testapp1/testapp1-Prefix.pch";
				GCC_PREPROCESSOR_DEFINITIONS = (
					"DEBUG=1",
					"$(inherited)",
				);
				INFOPLIST_FILE = "testapp1Tests/testapp1Tests-Info.plist";
				PRODUCT_NAME = "$(TARGET_NAME)";
				TEST_HOST = "$(BUNDLE_LOADER)";
				WRAPPER_EXTENSION = xctest;
			};
			name = Debug;
		};
		4BB4DCD218616CAB003EDF01 /* Release */ = {
			isa = XCBuildConfiguration;
			buildSettings = {
				ARCHS = "$(ARCHS_STANDARD_INCLUDING_64_BIT)";
				BUNDLE_LOADER = "$(BUILT_PRODUCTS_DIR)/testapp1.app/testapp1";
				FRAMEWORK_SEARCH_PATHS = (
					"$(SDKROOT)/Developer/Library/Frameworks",
					"$(inherited)",
					"$(DEVELOPER_FRAMEWORKS_DIR)",
				);
				GCC_PRECOMPILE_PREFIX_HEADER = YES;
				GCC_PREFIX_HEADER = "testapp1/testapp1-Prefix.pch";
				INFOPLIST_FILE = "testapp1Tests/testapp1Tests-Info.plist";
				PRODUCT_NAME = "$(TARGET_NAME)";
				TEST_HOST = "$(BUNDLE_LOADER)";
				WRAPPER_EXTENSION = xctest;
			};
			name = Release;
		};
/* End XCBuildConfiguration section */

/* Begin XCConfigurationList section */
		4BB4DC9618616CAB003EDF01 /* Build configuration list for PBXProject "testapp1" */ = {
			isa = XCConfigurationList;
			buildConfigurations = (
				4BB4DCCB18616CAB003EDF01 /* Debug */,
				4BB4DCCC18616CAB003EDF01 /* Release */,
			);
			defaultConfigurationIsVisible = 0;
			defaultConfigurationName = Release;
		};
		4BB4DCCD18616CAB003EDF01 /* Build configuration list for PBXNativeTarget "testapp1" */ = {
			isa = XCConfigurationList;
			buildConfigurations = (
				4BB4DCCE18616CAB003EDF01 /* Debug */,
				4BB4DCCF18616CAB003EDF01 /* Release */,
			);
			defaultConfigurationIsVisible = 0;
		};
		4BB4DCD018616CAB003EDF01 /* Build configuration list for PBXNativeTarget "testapp1Tests" */ = {
			isa = XCConfigurationList;
			buildConfigurations = (
				4BB4DCD118616CAB003EDF01 /* Debug */,
				4BB4DCD218616CAB003EDF01 /* Release */,
			);
			defaultConfigurationIsVisible = 0;
		};
/* End XCConfigurationList section */
	};
	rootObject = 4BB4DC9318616CAB003EDF01 /* Project object */;
}
